
Microsoft Visual Studio Solution File, Format Version 12.00
# Visual Studio Version 16
VisualStudioVersion = 16.0.31410.357
MinimumVisualStudioVersion = 10.0.40219.1
Project("{FAE04EC0-301F-11D3-BF4B-00C04F79EFBC}") = "TSB Updater", "TSB Updater.csproj", "{C705BAA2-502A-4833-97FC-F6E7046DAB51}"
EndProject
Global
	GlobalSection(SolutionConfigurationPlatforms) = preSolution
		Debug|Any CPU = Debug|Any CPU
		Release|Any CPU = Release|Any CPU
	EndGlobalSection
	GlobalSection(ProjectConfigurationPlatforms) = postSolution
		{C705BAA2-502A-4833-97FC-F6E7046DAB51}.Debug|Any CPU.ActiveCfg = Debug|Any CPU
		{C705BAA2-502A-4833-97FC-F6E7046DAB51}.Debug|Any CPU.Build.0 = Debug|Any CPU
		{C705BAA2-502A-4833-97FC-F6E7046DAB51}.Release|Any CPU.ActiveCfg = Release|Any CPU
		{C705BAA2-502A-4833-97FC-F6E7046DAB51}.Release|Any CPU.Build.0 = Release|Any CPU
	EndGlobalSection
	GlobalSection(SolutionProperties) = preSolution
		HideSolutionNode = FALSE
	EndGlobalSection
	GlobalSection(ExtensibilityGlobals) = postSolution
		SolutionGuid = {15728313-0804-4408-9C51-C41EFA788377}
	EndGlobalSection
EndGlobal
